
Microsoft Visual Studio Solution File, Format Version 12.00
# Visual Studio Version 17
VisualStudioVersion = 17.4.33213.308
MinimumVisualStudioVersion = 10.0.40219.1
Project("{FAE04EC0-301F-11D3-BF4B-00C04F79EFBC}") = "HiQ_Code_Test", "HiQ_Code_Test\HiQ_Code_Test.csproj", "{4F6C68F1-959C-451B-8192-CA101D8A465D}"
EndProject
Project("{2150E333-8FDC-42A3-9474-1A3956D46DE8}") = "Solution Items", "Solution Items", "{4C9B55F9-6491-4567-91DC-781592E23C72}"
EndProject
Global
	GlobalSection(SolutionConfigurationPlatforms) = preSolution
		Debug|Any CPU = Debug|Any CPU
		Release|Any CPU = Release|Any CPU
	EndGlobalSection
	GlobalSection(ProjectConfigurationPlatforms) = postSolution
		{4F6C68F1-959C-451B-8192-CA101D8A465D}.Debug|Any CPU.ActiveCfg = Debug|Any CPU
		{4F6C68F1-959C-451B-8192-CA101D8A465D}.Debug|Any CPU.Build.0 = Debug|Any CPU
		{4F6C68F1-959C-451B-8192-CA101D8A465D}.Release|Any CPU.ActiveCfg = Release|Any CPU
		{4F6C68F1-959C-451B-8192-CA101D8A465D}.Release|Any CPU.Build.0 = Release|Any CPU
	EndGlobalSection
	GlobalSection(SolutionProperties) = preSolution
		HideSolutionNode = FALSE
	EndGlobalSection
	GlobalSection(ExtensibilityGlobals) = postSolution
		SolutionGuid = {2A10E89C-1D19-4839-A4F1-A2EEEDD90875}
	EndGlobalSection
EndGlobal
